# @generated - this file is auto-generated by `mise lock` https://mise.jdx.dev/dev-tools/mise-lock.html

lockfile_version = 3

[[tools."github:immanuwell/dockerfile-roast"]]
version = "1.7.0"
backend = "github:immanuwell/dockerfile-roast"
specifiers = ["latest"]

[tools."github:immanuwell/dockerfile-roast"."platforms.linux-arm64"]
checksum = "sha256:0800e80d11f668615fc87750f58809b56bedca83ec6d8a539daa56f42da64bc3"
url = "https://github.com/immanuwell/dockerfile-roast/releases/download/1.7.0/droast-linux-arm64"
url_api = "https://api.github.com/repos/immanuwell/dockerfile-roast/releases/assets/539932750"

[tools."github:immanuwell/dockerfile-roast"."platforms.linux-arm64-musl"]
checksum = "sha256:0800e80d11f668615fc87750f58809b56bedca83ec6d8a539daa56f42da64bc3"
url = "https://github.com/immanuwell/dockerfile-roast/releases/download/1.7.0/droast-linux-arm64"
url_api = "https://api.github.com/repos/immanuwell/dockerfile-roast/releases/assets/539932750"

[tools."github:immanuwell/dockerfile-roast"."platforms.linux-x64"]
checksum = "sha256:cadb963a040ba2e68641af764f794e5d4fb3371bb9b92255fa5027060b08ea6e"
url = "https://github.com/immanuwell/dockerfile-roast/releases/download/1.7.0/droast-linux-x86_64"
url_api = "https://api.github.com/repos/immanuwell/dockerfile-roast/releases/assets/539932746"

[tools."github:immanuwell/dockerfile-roast"."platforms.linux-x64-musl"]
checksum = "sha256:cadb963a040ba2e68641af764f794e5d4fb3371bb9b92255fa5027060b08ea6e"
url = "https://github.com/immanuwell/dockerfile-roast/releases/download/1.7.0/droast-linux-x86_64"
url_api = "https://api.github.com/repos/immanuwell/dockerfile-roast/releases/assets/539932746"

[tools."github:immanuwell/dockerfile-roast"."platforms.macos-arm64"]
checksum = "sha256:5e4fcb77fd1a7eadd56e1df460c51e9a842ae68abaa4c13b23f871ee968c8195"
url = "https://github.com/immanuwell/dockerfile-roast/releases/download/1.7.0/droast-macos-arm64"
url_api = "https://api.github.com/repos/immanuwell/dockerfile-roast/releases/assets/539932752"

[tools."github:immanuwell/dockerfile-roast"."platforms.macos-x64"]
checksum = "sha256:f81ef8ba6c2f00d23d7200da4db229488b6d0747230c4b7ff3636bab5294da89"
url = "https://github.com/immanuwell/dockerfile-roast/releases/download/1.7.0/droast-macos-x86_64"
url_api = "https://api.github.com/repos/immanuwell/dockerfile-roast/releases/assets/539932751"

[tools."github:immanuwell/dockerfile-roast"."platforms.windows-x64"]
checksum = "sha256:d4bf219ddc588e055fcaad10547a967d683fa7536b78cc96cc6e57ea75ff48c5"
url = "https://github.com/immanuwell/dockerfile-roast/releases/download/1.7.0/droast-windows-x86_64.exe"
url_api = "https://api.github.com/repos/immanuwell/dockerfile-roast/releases/assets/539932749"

[[tools."github:kjanat/actionlint"]]
version = "1.17.0"
backend = "github:kjanat/actionlint"
specifiers = ["latest"]

[tools."github:kjanat/actionlint"."platforms.linux-arm64"]
checksum = "sha256:9be067d6b6e2f455fd0144850520b4b1114a0a792ca6e003302c939792589345"
url = "https://github.com/kjanat/actionlint/releases/download/v1.17.0/actionlint_1.17.0_linux_arm64.tar.gz"
url_api = "https://api.github.com/repos/kjanat/actionlint/releases/assets/561506359"
provenance = "github-attestations"

[tools."github:kjanat/actionlint"."platforms.linux-arm64-musl"]
checksum = "sha256:9be067d6b6e2f455fd0144850520b4b1114a0a792ca6e003302c939792589345"
url = "https://github.com/kjanat/actionlint/releases/download/v1.17.0/actionlint_1.17.0_linux_arm64.tar.gz"
url_api = "https://api.github.com/repos/kjanat/actionlint/releases/assets/561506359"
provenance = "github-attestations"

[tools."github:kjanat/actionlint"."platforms.linux-x64"]
checksum = "sha256:620abd485a12b6ab1125b844a876414e1d5bd2af8a3125b27f82b01d0d9d6e5a"
url = "https://github.com/kjanat/actionlint/releases/download/v1.17.0/actionlint_1.17.0_linux_amd64.tar.gz"
url_api = "https://api.github.com/repos/kjanat/actionlint/releases/assets/561506357"
provenance = "github-attestations"

[tools."github:kjanat/actionlint"."platforms.linux-x64-musl"]
checksum = "sha256:620abd485a12b6ab1125b844a876414e1d5bd2af8a3125b27f82b01d0d9d6e5a"
url = "https://github.com/kjanat/actionlint/releases/download/v1.17.0/actionlint_1.17.0_linux_amd64.tar.gz"
url_api = "https://api.github.com/repos/kjanat/actionlint/releases/assets/561506357"
provenance = "github-attestations"

[tools."github:kjanat/actionlint"."platforms.macos-arm64"]
checksum = "sha256:f123b7ad57a0fe376dcc85e81b7e04e85eb39219184803fc25f989b255f569b4"
url = "https://github.com/kjanat/actionlint/releases/download/v1.17.0/actionlint_1.17.0_darwin_arm64.tar.gz"
url_api = "https://api.github.com/repos/kjanat/actionlint/releases/assets/561506341"
provenance = "github-attestations"

[tools."github:kjanat/actionlint"."platforms.macos-x64"]
checksum = "sha256:e5fa505c0236666f2b1f36a2852db5fad6e186e9125babee017538a4049e3afb"
url = "https://github.com/kjanat/actionlint/releases/download/v1.17.0/actionlint_1.17.0_darwin_amd64.tar.gz"
url_api = "https://api.github.com/repos/kjanat/actionlint/releases/assets/561506337"
provenance = "github-attestations"

[tools."github:kjanat/actionlint"."platforms.windows-x64"]
checksum = "sha256:503a7649a97c5afb07aa51703b94066c9f63b5eabc25c55a6860eabd5298d559"
url = "https://github.com/kjanat/actionlint/releases/download/v1.17.0/actionlint_1.17.0_windows_amd64.zip"
url_api = "https://api.github.com/repos/kjanat/actionlint/releases/assets/561506379"
provenance = "github-attestations"

[[tools."github:tj/node-prune"]]
version = "1.0.1"
backend = "github:tj/node-prune"
specifiers = ["latest"]

[tools."github:tj/node-prune"."platforms.linux-arm64"]
checksum = "sha256:92ae495e1b12894f7fb471d09ef3f56d794ac3c386d5edf76b68453ea1e9dc90"
url = "https://github.com/tj/node-prune/releases/download/v1.0.1/node-prune_1.0.1_linux_386.tar.gz"
url_api = "https://api.github.com/repos/tj/node-prune/releases/assets/5444144"

[tools."github:tj/node-prune"."platforms.linux-arm64-musl"]
checksum = "sha256:92ae495e1b12894f7fb471d09ef3f56d794ac3c386d5edf76b68453ea1e9dc90"
url = "https://github.com/tj/node-prune/releases/download/v1.0.1/node-prune_1.0.1_linux_386.tar.gz"
url_api = "https://api.github.com/repos/tj/node-prune/releases/assets/5444144"

[tools."github:tj/node-prune"."platforms.linux-x64"]
checksum = "sha256:6e22e88dff46b909491cfaa1d0dbb61cc98817a257a3d75e9212f56b7f5bdbb1"
url = "https://github.com/tj/node-prune/releases/download/v1.0.1/node-prune_1.0.1_linux_amd64.tar.gz"
url_api = "https://api.github.com/repos/tj/node-prune/releases/assets/5444154"

[tools."github:tj/node-prune"."platforms.linux-x64-musl"]
checksum = "sha256:6e22e88dff46b909491cfaa1d0dbb61cc98817a257a3d75e9212f56b7f5bdbb1"
url = "https://github.com/tj/node-prune/releases/download/v1.0.1/node-prune_1.0.1_linux_amd64.tar.gz"
url_api = "https://api.github.com/repos/tj/node-prune/releases/assets/5444154"

[tools."github:tj/node-prune"."platforms.macos-arm64"]
checksum = "sha256:f923c02b03ec7bc782c6955658a235df318f2e472ece8f68456d9ea0226ca91b"
url = "https://github.com/tj/node-prune/releases/download/v1.0.1/node-prune_1.0.1_darwin_386.tar.gz"
url_api = "https://api.github.com/repos/tj/node-prune/releases/assets/5444148"

[tools."github:tj/node-prune"."platforms.macos-x64"]
checksum = "sha256:beb0b8c319790bbec69084e27a0e36002ab32bef51596186c66c02dd0f4abfa6"
url = "https://github.com/tj/node-prune/releases/download/v1.0.1/node-prune_1.0.1_darwin_amd64.tar.gz"
url_api = "https://api.github.com/repos/tj/node-prune/releases/assets/5444151"

[tools."github:tj/node-prune"."platforms.windows-x64"]
checksum = "sha256:994071d8544e6066bb9217549099b11350bfe020c6949f8498b5479d6a81058e"
url = "https://github.com/tj/node-prune/releases/download/v1.0.1/node-prune_1.0.1_windows_amd64.tar.gz"
url_api = "https://api.github.com/repos/tj/node-prune/releases/assets/5444152"

[[tools.hadolint]]
version = "2.15.1"
backend = "aqua:hadolint/hadolint"
specifiers = ["latest"]

[tools.hadolint."platforms.linux-arm64"]
checksum = "sha256:f6198ef8090f404dbb771abfee086eb8c48ac177f30da7fd3510aca35b344b5d"
url = "https://github.com/hadolint/hadolint/releases/download/v2.15.1/hadolint-linux-arm64"
url_api = "https://api.github.com/repos/hadolint/hadolint/releases/assets/496546507"
provenance = "github-attestations"

[tools.hadolint."platforms.linux-arm64-musl"]
checksum = "sha256:f6198ef8090f404dbb771abfee086eb8c48ac177f30da7fd3510aca35b344b5d"
url = "https://github.com/hadolint/hadolint/releases/download/v2.15.1/hadolint-linux-arm64"
url_api = "https://api.github.com/repos/hadolint/hadolint/releases/assets/496546507"
provenance = "github-attestations"

[tools.hadolint."platforms.linux-x64"]
checksum = "sha256:c7187db94eeeeca956519a6af171adc31453941a1e777961f6e680f697c8c507"
url = "https://github.com/hadolint/hadolint/releases/download/v2.15.1/hadolint-linux-x86_64"
url_api = "https://api.github.com/repos/hadolint/hadolint/releases/assets/496546506"
provenance = "github-attestations"

[tools.hadolint."platforms.linux-x64-musl"]
checksum = "sha256:c7187db94eeeeca956519a6af171adc31453941a1e777961f6e680f697c8c507"
url = "https://github.com/hadolint/hadolint/releases/download/v2.15.1/hadolint-linux-x86_64"
url_api = "https://api.github.com/repos/hadolint/hadolint/releases/assets/496546506"
provenance = "github-attestations"

[tools.hadolint."platforms.macos-arm64"]
checksum = "sha256:5c09f3213f8e40406abe048233d985eebef336d4a6a20021be47fadb6cf480a2"
url = "https://github.com/hadolint/hadolint/releases/download/v2.15.1/hadolint-macos-arm64"
url_api = "https://api.github.com/repos/hadolint/hadolint/releases/assets/496546505"
provenance = "github-attestations"

[tools.hadolint."platforms.macos-x64"]
checksum = "sha256:ffe9bb18b23d5ed1eae50237aecdbb523d016e96da0bd4e7aa432040acfc3fde"
url = "https://github.com/hadolint/hadolint/releases/download/v2.15.1/hadolint-macos-x86_64"
url_api = "https://api.github.com/repos/hadolint/hadolint/releases/assets/496546509"
provenance = "github-attestations"

[tools.hadolint."platforms.windows-x64"]
checksum = "sha256:01d927294962b5387f9ead4f18679158452be4f17c765ad0bdffe5264b9c7b0a"
url = "https://github.com/hadolint/hadolint/releases/download/v2.15.1/hadolint-windows-x86_64.exe"
url_api = "https://api.github.com/repos/hadolint/hadolint/releases/assets/496546508"
provenance = "github-attestations"

[[tools.hk]]
version = "2.4.0"
backend = "packslip:github.com/jdx/hk"
specifiers = ["latest"]

[tools.hk."platforms.linux-arm64"]
checksum = "sha256:836235bd8aa06f25e7ff28591b32efb5297abe55366e912095636a49ffe4d363"
url = "https://github.com/jdx/hk/releases/download/v2.4.0/hk-aarch64-unknown-linux-gnu.tar.gz"
signer = "sigstore-oidc:https://github.com/jdx/hk/.github/workflows/release.yml"
repository_ids = { repository = "922514152" }

[tools.hk."platforms.linux-arm64-musl"]
checksum = "sha256:ad5c5a556e0a505d9a3441868217976bd4ae610e1364e93516993b9717d9ef28"
url = "https://github.com/jdx/hk/releases/download/v2.4.0/hk-aarch64-unknown-linux-musl.tar.gz"
signer = "sigstore-oidc:https://github.com/jdx/hk/.github/workflows/release.yml"
repository_ids = { repository = "922514152" }

[tools.hk."platforms.linux-x64"]
checksum = "sha256:6efabe30aeabc4611a42ce6cf0fd46b9a19478e2cfd9acfd1bd93998736f3153"
url = "https://github.com/jdx/hk/releases/download/v2.4.0/hk-x86_64-unknown-linux-gnu.tar.gz"
signer = "sigstore-oidc:https://github.com/jdx/hk/.github/workflows/release.yml"
repository_ids = { repository = "922514152" }

[tools.hk."platforms.linux-x64-musl"]
checksum = "sha256:f34598671ca40be5c308324a60ef30b736dbbbf4259dfb511abd79009ee4de2a"
url = "https://github.com/jdx/hk/releases/download/v2.4.0/hk-x86_64-unknown-linux-musl.tar.gz"
signer = "sigstore-oidc:https://github.com/jdx/hk/.github/workflows/release.yml"
repository_ids = { repository = "922514152" }

[tools.hk."platforms.macos-arm64"]
checksum = "sha256:6e1c970b9de7ab4ee52c85869b2ea9cfe8769d25a0fe9536062e0ba62366ec59"
url = "https://github.com/jdx/hk/releases/download/v2.4.0/hk-aarch64-apple-darwin.tar.gz"
signer = "sigstore-oidc:https://github.com/jdx/hk/.github/workflows/release.yml"
repository_ids = { repository = "922514152" }

[tools.hk."platforms.windows-x64"]
checksum = "sha256:028931e00fd670ad891a428bf44e14ac8e2726a8f72b7fae80b27b6502af2be3"
url = "https://github.com/jdx/hk/releases/download/v2.4.0/hk-x86_64-pc-windows-msvc.zip"
signer = "sigstore-oidc:https://github.com/jdx/hk/.github/workflows/release.yml"
repository_ids = { repository = "922514152" }

[[tools.node]]
version = "26.10.0"
backend = "core:node"
specifiers = ["latest"]

[tools.node."platforms.linux-arm64"]
checksum = "sha256:423a41bff8e2a2fa15e702fefe2919ef95823b2378744daccb8439302534b44f"
url = "https://nodejs.org/dist/v26.10.0/node-v26.10.0-linux-arm64.tar.gz"

[tools.node."platforms.linux-arm64-musl"]
checksum = "sha256:d26027bff3197050d2a2b0bfa151b18e8378ed81affa2bf5093804db158979b6"
url = "https://unofficial-builds.nodejs.org/download/release/v26.10.0/node-v26.10.0-linux-arm64-musl.tar.gz"

[tools.node."platforms.linux-x64"]
checksum = "sha256:cb5c9ce9c80d7b8821e3a258543c71b939138cf17c74d5cc44bbe85d6dbc5ad8"
url = "https://nodejs.org/dist/v26.10.0/node-v26.10.0-linux-x64.tar.gz"

[tools.node."platforms.linux-x64-musl"]
checksum = "sha256:e42da94821b9422eb76bf5aaf4de0977e04ba320b8aff6148d895a94b08ee223"
url = "https://unofficial-builds.nodejs.org/download/release/v26.10.0/node-v26.10.0-linux-x64-musl.tar.gz"

[tools.node."platforms.macos-arm64"]
checksum = "sha256:751fdf7439f115d87ee2a8f3f18c065b6151852068e3e666ac60ac2996f75ac9"
url = "https://nodejs.org/dist/v26.10.0/node-v26.10.0-darwin-arm64.tar.gz"

[tools.node."platforms.macos-x64"]
checksum = "sha256:ebbe9ab9b58ad6bb54390d6e2c862c1afa7d4475fb7e8ae8146acde211bf70df"
url = "https://nodejs.org/dist/v26.10.0/node-v26.10.0-darwin-x64.tar.gz"

[tools.node."platforms.windows-x64"]
checksum = "sha256:9fef7eca6743a6b910989cd8e78712376b394fcb9b6e1e9c44a0799a287f90c5"
url = "https://nodejs.org/dist/v26.10.0/node-v26.10.0-win-x64.zip"

[[tools."npm:@opencode/cli"]]
version = "2.0.22"
backend = "npm:@opencode/cli"
specifiers = ["latest"]

[tools."npm:@opencode/cli".options]
allow_builds = "true"

[[tools."npm:@usebruno/cli"]]
version = "4.2.0"
backend = "npm:@usebruno/cli"
specifiers = ["latest"]

[[tools.pitchfork]]
version = "2.29.0"
backend = "packslip:github.com/jdx/pitchfork"
specifiers = ["latest"]

[tools.pitchfork."platforms.linux-arm64"]
checksum = "sha256:dfea08ac9b4a8b2a3f4c9ce94c5faba9a1996634a22bdc6fd17510affe9dca71"
url = "https://github.com/jdx/pitchfork/releases/download/v2.29.0/pitchfork-aarch64-unknown-linux-gnu.tar.gz"
signer = "sigstore-oidc:https://github.com/jdx/pitchfork/.github/workflows/release.yml"
repository_ids = { repository = "899500793" }

[tools.pitchfork."platforms.linux-x64"]
checksum = "sha256:80d48f7077f8612c7684777aef346b93d3ecca296d4d9b392b2fb5e50a4f891d"
url = "https://github.com/jdx/pitchfork/releases/download/v2.29.0/pitchfork-x86_64-unknown-linux-gnu.tar.gz"
signer = "sigstore-oidc:https://github.com/jdx/pitchfork/.github/workflows/release.yml"
repository_ids = { repository = "899500793" }

[tools.pitchfork."platforms.macos-arm64"]
checksum = "sha256:06adf144e4a48dad55806706a7b0fe1a8dfc901726c5c8939e54fbc2bcabb04e"
url = "https://github.com/jdx/pitchfork/releases/download/v2.29.0/pitchfork-aarch64-apple-darwin.tar.gz"
signer = "sigstore-oidc:https://github.com/jdx/pitchfork/.github/workflows/release.yml"
repository_ids = { repository = "899500793" }

[tools.pitchfork."platforms.windows-x64"]
checksum = "sha256:9747f3679f5c7ff4091bb3fe14c80ab92c9b15c212f37cd0193aa6e2da1631c1"
url = "https://github.com/jdx/pitchfork/releases/download/v2.29.0/pitchfork-x86_64-pc-windows-msvc.zip"
signer = "sigstore-oidc:https://github.com/jdx/pitchfork/.github/workflows/release.yml"
repository_ids = { repository = "899500793" }

[[tools.pnpm]]
version = "12.9.1"
backend = "aqua:pnpm/pnpm"
specifiers = ["latest"]

[tools.pnpm."platforms.linux-arm64"]
checksum = "sha256:468294b77633d29889c6e4a79cefb1277eba30cd62e7d6a754218cb85a1d730d"
url = "https://github.com/pnpm/pnpm/releases/download/v12.9.1/pnpm-linux-arm64.tar.gz"
url_api = "https://api.github.com/repos/pnpm/pnpm/releases/assets/608496442"
provenance = "github-attestations"

[tools.pnpm."platforms.linux-arm64-musl"]
checksum = "sha256:11de22634b9eb543d2f6ae9ccbc728274fb9a7ee81ee1bc7e5e45bec876ebca8"
url = "https://github.com/pnpm/pnpm/releases/download/v12.9.1/pnpm-linux-arm64-musl.tar.gz"
url_api = "https://api.github.com/repos/pnpm/pnpm/releases/assets/608496446"
provenance = "github-attestations"

[tools.pnpm."platforms.linux-x64"]
checksum = "sha256:b4f58449ac02d9d24023ac89e17e05e8331f8ddc12ca1f489cf231bc2bb2bce1"
url = "https://github.com/pnpm/pnpm/releases/download/v12.9.1/pnpm-linux-x64.tar.gz"
url_api = "https://api.github.com/repos/pnpm/pnpm/releases/assets/608496438"
provenance = "github-attestations"

[tools.pnpm."platforms.linux-x64-musl"]
checksum = "sha256:7c52e6db59c9cd3837ae1ec0b96ab3209d3c42cb0e3a77f5db8cbe86661d85a6"
url = "https://github.com/pnpm/pnpm/releases/download/v12.9.1/pnpm-linux-x64-musl.tar.gz"
url_api = "https://api.github.com/repos/pnpm/pnpm/releases/assets/608496441"
provenance = "github-attestations"

[tools.pnpm."platforms.macos-arm64"]
checksum = "sha256:4dcea94654bc8f2189dfd591aea7af4adddd29243e4bfcc8d4c8b4289e7983ba"
url = "https://github.com/pnpm/pnpm/releases/download/v12.9.1/pnpm-darwin-arm64.tar.gz"
url_api = "https://api.github.com/repos/pnpm/pnpm/releases/assets/608496449"
provenance = "github-attestations"

[tools.pnpm."platforms.macos-x64"]
checksum = "sha256:e8b47f538f95167c57fdeacffc9cb3af82261217f31eb764151aaf500b76f1b3"
url = "https://github.com/pnpm/pnpm/releases/download/v12.9.1/pnpm-darwin-x64.tar.gz"
url_api = "https://api.github.com/repos/pnpm/pnpm/releases/assets/608496437"
provenance = "github-attestations"

[tools.pnpm."platforms.windows-x64"]
checksum = "sha256:2b30f6bc53228187881aeae604cc6cedf092641df30d3be1cf4cd3d17bf630f5"
url = "https://github.com/pnpm/pnpm/releases/download/v12.9.1/pnpm-win32-x64.zip"
url_api = "https://api.github.com/repos/pnpm/pnpm/releases/assets/608496448"
provenance = "github-attestations"

[[tools.watchexec]]
version = "2.7.4"
backend = "aqua:watchexec/watchexec"
specifiers = ["latest"]

[tools.watchexec."platforms.linux-arm64"]
checksum = "sha256:b649cf89bda51ba060abb9e9765ea585823ee94b9bf2e2ad86081323a13a81c4"
url = "https://github.com/watchexec/watchexec/releases/download/v2.7.4/watchexec-2.7.4-aarch64-unknown-linux-gnu.tar.xz"
url_api = "https://api.github.com/repos/watchexec/watchexec/releases/assets/605904467"

[tools.watchexec."platforms.linux-arm64-musl"]
checksum = "sha256:8596e3082e7116d4438f71f3e8eb1ad25d39dc4fe8560d2b1240af86e0c56df8"
url = "https://github.com/watchexec/watchexec/releases/download/v2.7.4/watchexec-2.7.4-aarch64-unknown-linux-musl.tar.xz"
url_api = "https://api.github.com/repos/watchexec/watchexec/releases/assets/605904476"

[tools.watchexec."platforms.linux-x64"]
checksum = "sha256:6d7e89e8815ac1b4eafb9497ed0a8ada986117fbba460b2f9282e0e160f776dd"
url = "https://github.com/watchexec/watchexec/releases/download/v2.7.4/watchexec-2.7.4-x86_64-unknown-linux-gnu.tar.xz"
url_api = "https://api.github.com/repos/watchexec/watchexec/releases/assets/605904460"

[tools.watchexec."platforms.linux-x64-musl"]
checksum = "sha256:00a4be01add74acfaa37978081b331d60f4691f7e39b2028e5301242d61a464b"
url = "https://github.com/watchexec/watchexec/releases/download/v2.7.4/watchexec-2.7.4-x86_64-unknown-linux-musl.tar.xz"
url_api = "https://api.github.com/repos/watchexec/watchexec/releases/assets/605904457"

[tools.watchexec."platforms.macos-arm64"]
checksum = "sha256:1e5052fe1f0690cd04d13d59f2d6bb0b090985d88c7406acadacd1198f58706e"
url = "https://github.com/watchexec/watchexec/releases/download/v2.7.4/watchexec-2.7.4-aarch64-apple-darwin.tar.xz"
url_api = "https://api.github.com/repos/watchexec/watchexec/releases/assets/605904470"

[tools.watchexec."platforms.macos-x64"]
checksum = "sha256:e3016a20879510ea3a585e75d73a5aff8be0648d9e88d71439d515e63da13255"
url = "https://github.com/watchexec/watchexec/releases/download/v2.7.4/watchexec-2.7.4-x86_64-apple-darwin.tar.xz"
url_api = "https://api.github.com/repos/watchexec/watchexec/releases/assets/605904462"

[tools.watchexec."platforms.windows-x64"]
checksum = "sha256:4f380d9785661d05d188e2c36c221678d2614e9dd8c7d8397e72660596498a6d"
url = "https://github.com/watchexec/watchexec/releases/download/v2.7.4/watchexec-2.7.4-x86_64-pc-windows-msvc.zip"
url_api = "https://api.github.com/repos/watchexec/watchexec/releases/assets/605904498"

[[tools.zizmor]]
version = "1.30.1"
backend = "aqua:zizmorcore/zizmor"
specifiers = ["latest"]

[tools.zizmor."platforms.linux-arm64"]
checksum = "sha256:7ff1dce33bdd18fd2a4affe63bdd47efcccca97b2cec1c1863ec26e9e2647540"
url = "https://github.com/zizmorcore/zizmor/releases/download/v1.30.1/zizmor-aarch64-unknown-linux-gnu.tar.gz"
url_api = "https://api.github.com/repos/zizmorcore/zizmor/releases/assets/552067643"
provenance = "github-attestations"

[tools.zizmor."platforms.linux-arm64-musl"]
checksum = "sha256:7ff1dce33bdd18fd2a4affe63bdd47efcccca97b2cec1c1863ec26e9e2647540"
url = "https://github.com/zizmorcore/zizmor/releases/download/v1.30.1/zizmor-aarch64-unknown-linux-gnu.tar.gz"
url_api = "https://api.github.com/repos/zizmorcore/zizmor/releases/assets/552067643"
provenance = "github-attestations"

[tools.zizmor."platforms.linux-x64"]
checksum = "sha256:e65324f4430c2717591937edcec90ccbefaf14c174f8ec9415e03ca875b46e1a"
url = "https://github.com/zizmorcore/zizmor/releases/download/v1.30.1/zizmor-x86_64-unknown-linux-gnu.tar.gz"
url_api = "https://api.github.com/repos/zizmorcore/zizmor/releases/assets/552067642"
provenance = "github-attestations"

[tools.zizmor."platforms.linux-x64-musl"]
checksum = "sha256:e65324f4430c2717591937edcec90ccbefaf14c174f8ec9415e03ca875b46e1a"
url = "https://github.com/zizmorcore/zizmor/releases/download/v1.30.1/zizmor-x86_64-unknown-linux-gnu.tar.gz"
url_api = "https://api.github.com/repos/zizmorcore/zizmor/releases/assets/552067642"
provenance = "github-attestations"

[tools.zizmor."platforms.macos-arm64"]
checksum = "sha256:e28d22b087f9ebb8d99da6e740d348c930f559961c7c3f12badda54f882195a2"
url = "https://github.com/zizmorcore/zizmor/releases/download/v1.30.1/zizmor-aarch64-apple-darwin.tar.gz"
url_api = "https://api.github.com/repos/zizmorcore/zizmor/releases/assets/552067640"
provenance = "github-attestations"

[tools.zizmor."platforms.macos-x64"]
checksum = "sha256:10e6b18b11ea07e515a16f0f0518c7b07527bc9977c1fd5698181ce7f3554202"
url = "https://github.com/zizmorcore/zizmor/releases/download/v1.30.1/zizmor-x86_64-apple-darwin.tar.gz"
url_api = "https://api.github.com/repos/zizmorcore/zizmor/releases/assets/552067641"
provenance = "github-attestations"

[tools.zizmor."platforms.windows-x64"]
checksum = "sha256:b183b1e996eddfab9659f1e9b46e059f1ef1cf984a1f14e5da09f7876a4b3a1c"
url = "https://github.com/zizmorcore/zizmor/releases/download/v1.30.1/zizmor-x86_64-pc-windows-msvc.zip"
url_api = "https://api.github.com/repos/zizmorcore/zizmor/releases/assets/552067645"
provenance = "github-attestations"
